
Microsoft Visual Studio Solution File, Format Version 12.00
# Visual Studio 15
VisualStudioVersion = 15.0.28307.168
MinimumVisualStudioVersion = 10.0.40219.1
Project("{FAE04EC0-301F-11D3-BF4B-00C04F79EFBC}") = "ExercicioFixacaoEnumComposicao", "ExercicioFixacaoEnumComposicao\ExercicioFixacaoEnumComposicao.csproj", "{0130343F-9FEB-4264-8EB4-0C99F7F5D6F6}"
EndProject
Global
	GlobalSection(SolutionConfigurationPlatforms) = preSolution
		Debug|Any CPU = Debug|Any CPU
		Release|Any CPU = Release|Any CPU
	EndGlobalSection
	GlobalSection(ProjectConfigurationPlatforms) = postSolution
		{0130343F-9FEB-4264-8EB4-0C99F7F5D6F6}.Debug|Any CPU.ActiveCfg = Debug|Any CPU
		{0130343F-9FEB-4264-8EB4-0C99F7F5D6F6}.Debug|Any CPU.Build.0 = Debug|Any CPU
		{0130343F-9FEB-4264-8EB4-0C99F7F5D6F6}.Release|Any CPU.ActiveCfg = Release|Any CPU
		{0130343F-9FEB-4264-8EB4-0C99F7F5D6F6}.Release|Any CPU.Build.0 = Release|Any CPU
	EndGlobalSection
	GlobalSection(SolutionProperties) = preSolution
		HideSolutionNode = FALSE
	EndGlobalSection
	GlobalSection(ExtensibilityGlobals) = postSolution
		SolutionGuid = {36EFEE8A-2DEB-4E03-9EFF-5BC66BB8F49D}
	EndGlobalSection
EndGlobal
